
Microsoft Visual Studio Solution File, Format Version 12.00
# Visual Studio Version 16
VisualStudioVersion = 16.0.30611.23
MinimumVisualStudioVersion = 10.0.40219.1
Project("{FAE04EC0-301F-11D3-BF4B-00C04F79EFBC}") = "ClientChatApp_086_SandiEkaYuda", "ClientChatApp_086_SandiEkaYuda\ClientChatApp_086_SandiEkaYuda.csproj", "{759487E9-8552-4956-AAA8-27ADA9D73B94}"
EndProject
Global
	GlobalSection(SolutionConfigurationPlatforms) = preSolution
		Debug|Any CPU = Debug|Any CPU
		Release|Any CPU = Release|Any CPU
	EndGlobalSection
	GlobalSection(ProjectConfigurationPlatforms) = postSolution
		{759487E9-8552-4956-AAA8-27ADA9D73B94}.Debug|Any CPU.ActiveCfg = Debug|Any CPU
		{759487E9-8552-4956-AAA8-27ADA9D73B94}.Debug|Any CPU.Build.0 = Debug|Any CPU
		{759487E9-8552-4956-AAA8-27ADA9D73B94}.Release|Any CPU.ActiveCfg = Release|Any CPU
		{759487E9-8552-4956-AAA8-27ADA9D73B94}.Release|Any CPU.Build.0 = Release|Any CPU
	EndGlobalSection
	GlobalSection(SolutionProperties) = preSolution
		HideSolutionNode = FALSE
	EndGlobalSection
	GlobalSection(ExtensibilityGlobals) = postSolution
		SolutionGuid = {7DCD14EF-6118-4ED0-BCC6-F40B905DA643}
	EndGlobalSection
EndGlobal
